# This file is automatically @generated by Poetry and should not be changed by hand.

[[package]]
name = "mojo-collections"
version = "2.0.1"
description = "Mojo Collections Package"
category = "main"
optional = false
python-versions = "<4.0,>=3.9"
files = [
    {file = "mojo_collections-2.0.1-py3-none-any.whl", hash = "sha256:97d186cb7262fd604dde62634d9929cbb0ee0bb8bdb2ad53e3e353e3542b7909"},
    {file = "mojo_collections-2.0.1.tar.gz", hash = "sha256:79f3a46614cc1a1d07173a738fae122049e3251238596fd3c32c1b205a4e066c"},
]

[[package]]
name = "typing-extensions"
version = "4.12.2"
description = "Backported and Experimental Type Hints for Python 3.8+"
category = "main"
optional = false
python-versions = ">=3.8"
files = [
    {file = "typing_extensions-4.12.2-py3-none-any.whl", hash = "sha256:04e5ca0351e0f3f85c6853954072df659d0d13fac324d0072316b67d7794700d"},
    {file = "typing_extensions-4.12.2.tar.gz", hash = "sha256:1a7ead55c7e559dd4dee8856e3a88b41225abfe1ce8df57b7c13915fe121ffb8"},
]

[metadata]
lock-version = "2.0"
python-versions = ">=3.9,<4.0"
content-hash = "70dea6975487c43bb3ff3415ed4fb64f6dd5f3309cc71f957b2c48108d75ad93"
